
Microsoft Visual Studio Solution File, Format Version 12.00
# Visual Studio Version 17
VisualStudioVersion = 17.12.35521.163 d17.12
MinimumVisualStudioVersion = 10.0.40219.1
Project("{FAE04EC0-301F-11D3-BF4B-00C04F79EFBC}") = "company-template-angular.Server", "company-template-angular.Server\company-template-angular.Server.csproj", "{1A2E6DDA-4ABD-4992-A881-A938AD8A60B3}"
EndProject
Project("{54A90642-561A-4BB1-A94E-469ADEE60C69}") = "company-template-angular.client", "company-template-angular.client\company-template-angular.client.esproj", "{53285741-0046-447D-9BC2-E842E527E1BA}"
EndProject
Global
	GlobalSection(SolutionConfigurationPlatforms) = preSolution
		Debug|Any CPU = Debug|Any CPU
		Release|Any CPU = Release|Any CPU
	EndGlobalSection
	GlobalSection(ProjectConfigurationPlatforms) = postSolution
		{1A2E6DDA-4ABD-4992-A881-A938AD8A60B3}.Debug|Any CPU.ActiveCfg = Debug|Any CPU
		{1A2E6DDA-4ABD-4992-A881-A938AD8A60B3}.Debug|Any CPU.Build.0 = Debug|Any CPU
		{1A2E6DDA-4ABD-4992-A881-A938AD8A60B3}.Release|Any CPU.ActiveCfg = Release|Any CPU
		{1A2E6DDA-4ABD-4992-A881-A938AD8A60B3}.Release|Any CPU.Build.0 = Release|Any CPU
		{53285741-0046-447D-9BC2-E842E527E1BA}.Debug|Any CPU.ActiveCfg = Debug|Any CPU
		{53285741-0046-447D-9BC2-E842E527E1BA}.Debug|Any CPU.Build.0 = Debug|Any CPU
		{53285741-0046-447D-9BC2-E842E527E1BA}.Debug|Any CPU.Deploy.0 = Debug|Any CPU
		{53285741-0046-447D-9BC2-E842E527E1BA}.Release|Any CPU.ActiveCfg = Release|Any CPU
		{53285741-0046-447D-9BC2-E842E527E1BA}.Release|Any CPU.Build.0 = Release|Any CPU
		{53285741-0046-447D-9BC2-E842E527E1BA}.Release|Any CPU.Deploy.0 = Release|Any CPU
	EndGlobalSection
	GlobalSection(SolutionProperties) = preSolution
		HideSolutionNode = FALSE
	EndGlobalSection
EndGlobal
